
Microsoft Visual Studio Solution File, Format Version 12.00
# Visual Studio Version 16
VisualStudioVersion = 16.0.30621.155
MinimumVisualStudioVersion = 10.0.40219.1
Project("{FAE04EC0-301F-11D3-BF4B-00C04F79EFBC}") = "shoppingGUI", "shoppingGUI\shoppingGUI.csproj", "{6DF4EC0F-F93A-4F57-B8AB-D9B4C5A57BF3}"
EndProject
Project("{FAE04EC0-301F-11D3-BF4B-00C04F79EFBC}") = "DTO", "DTO\DTO.csproj", "{97040779-E4C1-4D7C-9218-30F307A2DD3C}"
EndProject
Project("{FAE04EC0-301F-11D3-BF4B-00C04F79EFBC}") = "DAL", "DAL\DAL.csproj", "{A932151B-290E-4D52-97AD-5855D14AA26D}"
EndProject
Project("{FAE04EC0-301F-11D3-BF4B-00C04F79EFBC}") = "Controls", "Controls\Controls.csproj", "{346CE2B3-AA12-42C7-8124-B27DDFF2FD74}"
EndProject
Global
	GlobalSection(SolutionConfigurationPlatforms) = preSolution
		Debug|Any CPU = Debug|Any CPU
		Release|Any CPU = Release|Any CPU
	EndGlobalSection
	GlobalSection(ProjectConfigurationPlatforms) = postSolution
		{6DF4EC0F-F93A-4F57-B8AB-D9B4C5A57BF3}.Debug|Any CPU.ActiveCfg = Debug|Any CPU
		{6DF4EC0F-F93A-4F57-B8AB-D9B4C5A57BF3}.Debug|Any CPU.Build.0 = Debug|Any CPU
		{6DF4EC0F-F93A-4F57-B8AB-D9B4C5A57BF3}.Release|Any CPU.ActiveCfg = Release|Any CPU
		{6DF4EC0F-F93A-4F57-B8AB-D9B4C5A57BF3}.Release|Any CPU.Build.0 = Release|Any CPU
		{97040779-E4C1-4D7C-9218-30F307A2DD3C}.Debug|Any CPU.ActiveCfg = Debug|Any CPU
		{97040779-E4C1-4D7C-9218-30F307A2DD3C}.Debug|Any CPU.Build.0 = Debug|Any CPU
		{97040779-E4C1-4D7C-9218-30F307A2DD3C}.Release|Any CPU.ActiveCfg = Release|Any CPU
		{97040779-E4C1-4D7C-9218-30F307A2DD3C}.Release|Any CPU.Build.0 = Release|Any CPU
		{A932151B-290E-4D52-97AD-5855D14AA26D}.Debug|Any CPU.ActiveCfg = Debug|Any CPU
		{A932151B-290E-4D52-97AD-5855D14AA26D}.Debug|Any CPU.Build.0 = Debug|Any CPU
		{A932151B-290E-4D52-97AD-5855D14AA26D}.Release|Any CPU.ActiveCfg = Release|Any CPU
		{A932151B-290E-4D52-97AD-5855D14AA26D}.Release|Any CPU.Build.0 = Release|Any CPU
		{346CE2B3-AA12-42C7-8124-B27DDFF2FD74}.Debug|Any CPU.ActiveCfg = Debug|Any CPU
		{346CE2B3-AA12-42C7-8124-B27DDFF2FD74}.Debug|Any CPU.Build.0 = Debug|Any CPU
		{346CE2B3-AA12-42C7-8124-B27DDFF2FD74}.Release|Any CPU.ActiveCfg = Release|Any CPU
		{346CE2B3-AA12-42C7-8124-B27DDFF2FD74}.Release|Any CPU.Build.0 = Release|Any CPU
	EndGlobalSection
	GlobalSection(SolutionProperties) = preSolution
		HideSolutionNode = FALSE
	EndGlobalSection
	GlobalSection(ExtensibilityGlobals) = postSolution
		SolutionGuid = {0BC2DE54-8AF5-41D2-BB4D-8FC447E7F354}
	EndGlobalSection
EndGlobal
